
Microsoft Visual Studio Solution File, Format Version 12.00
# Visual Studio 2013
VisualStudioVersion = 12.0.30501.0
MinimumVisualStudioVersion = 10.0.40219.1
Project("{FAE04EC0-301F-11D3-BF4B-00C04F79EFBC}") = "NotifyPropertyChangedExtensions", "NotifyPropertyChangedExtensions\NotifyPropertyChangedExtensions.csproj", "{869D65E6-14F0-4FAB-ADA5-6213C1EF1283}"
EndProject
Project("{FAE04EC0-301F-11D3-BF4B-00C04F79EFBC}") = "NotifyPropertyChangedExtensions.Tests", "NotifyPropertyChangedExtensions.Tests\NotifyPropertyChangedExtensions.Tests.csproj", "{D13A394A-9EBA-4CD5-A543-E3368A8ECCE5}"
EndProject
Global
	GlobalSection(SolutionConfigurationPlatforms) = preSolution
		Debug|Any CPU = Debug|Any CPU
		Release|Any CPU = Release|Any CPU
	EndGlobalSection
	GlobalSection(ProjectConfigurationPlatforms) = postSolution
		{869D65E6-14F0-4FAB-ADA5-6213C1EF1283}.Debug|Any CPU.ActiveCfg = Debug|Any CPU
		{869D65E6-14F0-4FAB-ADA5-6213C1EF1283}.Debug|Any CPU.Build.0 = Debug|Any CPU
		{869D65E6-14F0-4FAB-ADA5-6213C1EF1283}.Release|Any CPU.ActiveCfg = Release|Any CPU
		{869D65E6-14F0-4FAB-ADA5-6213C1EF1283}.Release|Any CPU.Build.0 = Release|Any CPU
		{D13A394A-9EBA-4CD5-A543-E3368A8ECCE5}.Debug|Any CPU.ActiveCfg = Debug|Any CPU
		{D13A394A-9EBA-4CD5-A543-E3368A8ECCE5}.Debug|Any CPU.Build.0 = Debug|Any CPU
		{D13A394A-9EBA-4CD5-A543-E3368A8ECCE5}.Release|Any CPU.ActiveCfg = Release|Any CPU
		{D13A394A-9EBA-4CD5-A543-E3368A8ECCE5}.Release|Any CPU.Build.0 = Release|Any CPU
	EndGlobalSection
	GlobalSection(SolutionProperties) = preSolution
		HideSolutionNode = FALSE
	EndGlobalSection
EndGlobal
