
Microsoft Visual Studio Solution File, Format Version 12.00
# Visual Studio 2013
VisualStudioVersion = 12.0.30501.0
MinimumVisualStudioVersion = 10.0.40219.1
Project("{FAE04EC0-301F-11D3-BF4B-00C04F79EFBC}") = "NotifyPropertyChangedExtensions", "NotifyPropertyChangedExtensions\NotifyPropertyChangedExtensions.csproj", "{A24DA212-E707-4245-8A05-944E81CEE461}"
EndProject
Project("{FAE04EC0-301F-11D3-BF4B-00C04F79EFBC}") = "NotifyPropertyChangedExtensions.Tests", "NotifyPropertyChangedExtensions.Tests\NotifyPropertyChangedExtensions.Tests.csproj", "{5A5378D1-E8E5-4B99-B461-1026D2DD17DC}"
EndProject
Global
	GlobalSection(SolutionConfigurationPlatforms) = preSolution
		Debug|Any CPU = Debug|Any CPU
		Release|Any CPU = Release|Any CPU
	EndGlobalSection
	GlobalSection(ProjectConfigurationPlatforms) = postSolution
		{A24DA212-E707-4245-8A05-944E81CEE461}.Debug|Any CPU.ActiveCfg = Debug|Any CPU
		{A24DA212-E707-4245-8A05-944E81CEE461}.Debug|Any CPU.Build.0 = Debug|Any CPU
		{A24DA212-E707-4245-8A05-944E81CEE461}.Release|Any CPU.ActiveCfg = Release|Any CPU
		{A24DA212-E707-4245-8A05-944E81CEE461}.Release|Any CPU.Build.0 = Release|Any CPU
		{5A5378D1-E8E5-4B99-B461-1026D2DD17DC}.Debug|Any CPU.ActiveCfg = Debug|Any CPU
		{5A5378D1-E8E5-4B99-B461-1026D2DD17DC}.Debug|Any CPU.Build.0 = Debug|Any CPU
		{5A5378D1-E8E5-4B99-B461-1026D2DD17DC}.Release|Any CPU.ActiveCfg = Release|Any CPU
		{5A5378D1-E8E5-4B99-B461-1026D2DD17DC}.Release|Any CPU.Build.0 = Release|Any CPU
	EndGlobalSection
	GlobalSection(SolutionProperties) = preSolution
		HideSolutionNode = FALSE
	EndGlobalSection
EndGlobal
